
Microsoft Visual Studio Solution File, Format Version 12.00
# Visual Studio Version 16
VisualStudioVersion = 16.0.31702.278
MinimumVisualStudioVersion = 10.0.40219.1
Project("{FAE04EC0-301F-11D3-BF4B-00C04F79EFBC}") = "SPS Lab 3", "SPS Lab 3.csproj", "{6846DCF1-DE06-4718-9A64-FFD4BD568C1F}"
EndProject
Project("{54435603-DBB4-11D2-8724-00A0C9A8B90C}") = "Task Queue", "..\Task Queue\Task Queue.vdproj", "{93A39672-CD0F-4B41-9AE6-755FBAD70723}"
EndProject
Global
	GlobalSection(SolutionConfigurationPlatforms) = preSolution
		Debug|Any CPU = Debug|Any CPU
		Release|Any CPU = Release|Any CPU
	EndGlobalSection
	GlobalSection(ProjectConfigurationPlatforms) = postSolution
		{6846DCF1-DE06-4718-9A64-FFD4BD568C1F}.Debug|Any CPU.ActiveCfg = Release|Any CPU
		{6846DCF1-DE06-4718-9A64-FFD4BD568C1F}.Debug|Any CPU.Build.0 = Release|Any CPU
		{6846DCF1-DE06-4718-9A64-FFD4BD568C1F}.Release|Any CPU.ActiveCfg = Release|Any CPU
		{6846DCF1-DE06-4718-9A64-FFD4BD568C1F}.Release|Any CPU.Build.0 = Release|Any CPU
		{93A39672-CD0F-4B41-9AE6-755FBAD70723}.Debug|Any CPU.ActiveCfg = Release
		{93A39672-CD0F-4B41-9AE6-755FBAD70723}.Debug|Any CPU.Build.0 = Release
		{93A39672-CD0F-4B41-9AE6-755FBAD70723}.Release|Any CPU.ActiveCfg = Release
	EndGlobalSection
	GlobalSection(SolutionProperties) = preSolution
		HideSolutionNode = FALSE
	EndGlobalSection
	GlobalSection(ExtensibilityGlobals) = postSolution
		SolutionGuid = {93095B1A-3B9A-4514-9468-3FA7A845BDFE}
	EndGlobalSection
EndGlobal
