
Microsoft Visual Studio Solution File, Format Version 12.00
# Visual Studio Version 16
VisualStudioVersion = 16.0.31829.152
MinimumVisualStudioVersion = 10.0.40219.1
Project("{FAE04EC0-301F-11D3-BF4B-00C04F79EFBC}") = "Library-3", "Library-3.csproj", "{4D9BEB9A-9311-49F5-B566-F531440261F8}"
EndProject
Global
	GlobalSection(SolutionConfigurationPlatforms) = preSolution
		Debug|Any CPU = Debug|Any CPU
		Release|Any CPU = Release|Any CPU
	EndGlobalSection
	GlobalSection(ProjectConfigurationPlatforms) = postSolution
		{4D9BEB9A-9311-49F5-B566-F531440261F8}.Debug|Any CPU.ActiveCfg = Debug|Any CPU
		{4D9BEB9A-9311-49F5-B566-F531440261F8}.Debug|Any CPU.Build.0 = Debug|Any CPU
		{4D9BEB9A-9311-49F5-B566-F531440261F8}.Release|Any CPU.ActiveCfg = Release|Any CPU
		{4D9BEB9A-9311-49F5-B566-F531440261F8}.Release|Any CPU.Build.0 = Release|Any CPU
	EndGlobalSection
	GlobalSection(SolutionProperties) = preSolution
		HideSolutionNode = FALSE
	EndGlobalSection
	GlobalSection(ExtensibilityGlobals) = postSolution
		SolutionGuid = {78F59D6A-C995-4FEC-BB58-825C999B49CD}
	EndGlobalSection
EndGlobal
