
Microsoft Visual Studio Solution File, Format Version 12.00
# Visual Studio Version 16
VisualStudioVersion = 16.0.31829.152
MinimumVisualStudioVersion = 10.0.40219.1
Project("{FAE04EC0-301F-11D3-BF4B-00C04F79EFBC}") = "SPS Lab7.2", "SPS Lab7.2.csproj", "{C1392334-A30D-4D01-B37A-C8FC1B2473DF}"
EndProject
Global
	GlobalSection(SolutionConfigurationPlatforms) = preSolution
		Debug|Any CPU = Debug|Any CPU
		Release|Any CPU = Release|Any CPU
	EndGlobalSection
	GlobalSection(ProjectConfigurationPlatforms) = postSolution
		{C1392334-A30D-4D01-B37A-C8FC1B2473DF}.Debug|Any CPU.ActiveCfg = Debug|Any CPU
		{C1392334-A30D-4D01-B37A-C8FC1B2473DF}.Debug|Any CPU.Build.0 = Debug|Any CPU
		{C1392334-A30D-4D01-B37A-C8FC1B2473DF}.Release|Any CPU.ActiveCfg = Release|Any CPU
		{C1392334-A30D-4D01-B37A-C8FC1B2473DF}.Release|Any CPU.Build.0 = Release|Any CPU
	EndGlobalSection
	GlobalSection(SolutionProperties) = preSolution
		HideSolutionNode = FALSE
	EndGlobalSection
	GlobalSection(ExtensibilityGlobals) = postSolution
		SolutionGuid = {C9562D76-218F-4160-ACBF-CDA993B6541E}
	EndGlobalSection
EndGlobal
